
Microsoft Visual Studio Solution File, Format Version 12.00
# Visual Studio Version 16
VisualStudioVersion = 16.0.810.4
MinimumVisualStudioVersion = 10.0.40219.1
Project("{FAE04EC0-301F-11D3-BF4B-00C04F79EFBC}") = "Car", "Car\Car.csproj", "{050DFB83-333A-43BD-9C68-F792A20193F0}"
EndProject
Project("{FAE04EC0-301F-11D3-BF4B-00C04F79EFBC}") = "CarTest", "CarTest\CarTest.csproj", "{33874832-3273-431A-BB80-5297D108F3A4}"
EndProject
Global
	GlobalSection(SolutionConfigurationPlatforms) = preSolution
		Debug|Any CPU = Debug|Any CPU
		Release|Any CPU = Release|Any CPU
	EndGlobalSection
	GlobalSection(ProjectConfigurationPlatforms) = postSolution
		{050DFB83-333A-43BD-9C68-F792A20193F0}.Debug|Any CPU.ActiveCfg = Debug|Any CPU
		{050DFB83-333A-43BD-9C68-F792A20193F0}.Debug|Any CPU.Build.0 = Debug|Any CPU
		{050DFB83-333A-43BD-9C68-F792A20193F0}.Release|Any CPU.ActiveCfg = Release|Any CPU
		{050DFB83-333A-43BD-9C68-F792A20193F0}.Release|Any CPU.Build.0 = Release|Any CPU
		{33874832-3273-431A-BB80-5297D108F3A4}.Debug|Any CPU.ActiveCfg = Debug|Any CPU
		{33874832-3273-431A-BB80-5297D108F3A4}.Debug|Any CPU.Build.0 = Debug|Any CPU
		{33874832-3273-431A-BB80-5297D108F3A4}.Release|Any CPU.ActiveCfg = Release|Any CPU
		{33874832-3273-431A-BB80-5297D108F3A4}.Release|Any CPU.Build.0 = Release|Any CPU
	EndGlobalSection
	GlobalSection(SolutionProperties) = preSolution
		HideSolutionNode = FALSE
	EndGlobalSection
	GlobalSection(ExtensibilityGlobals) = postSolution
		SolutionGuid = {595BF2A4-35A7-4934-9D40-0C3923994B35}
	EndGlobalSection
EndGlobal
