
Microsoft Visual Studio Solution File, Format Version 12.00
# Visual Studio Version 16
VisualStudioVersion = 16.0.810.3
MinimumVisualStudioVersion = 10.0.40219.1
Project("{FAE04EC0-301F-11D3-BF4B-00C04F79EFBC}") = "project1", "project1\project1.csproj", "{FC813BE1-A336-4031-8776-EE8C8E7AD7BF}"
EndProject
Project("{FAE04EC0-301F-11D3-BF4B-00C04F79EFBC}") = "Menu", "Menu\Menu.csproj", "{369041DA-E4E3-47C9-9B3C-3B3B5AC4F88E}"
EndProject
Project("{FAE04EC0-301F-11D3-BF4B-00C04F79EFBC}") = "ch-19-prep", "ch-19-prep\ch-19-prep.csproj", "{7B335685-D4DF-4970-8121-D5EEBCCA2407}"
EndProject
Global
	GlobalSection(SolutionConfigurationPlatforms) = preSolution
		Debug|Any CPU = Debug|Any CPU
		Release|Any CPU = Release|Any CPU
	EndGlobalSection
	GlobalSection(ProjectConfigurationPlatforms) = postSolution
		{FC813BE1-A336-4031-8776-EE8C8E7AD7BF}.Debug|Any CPU.ActiveCfg = Debug|Any CPU
		{FC813BE1-A336-4031-8776-EE8C8E7AD7BF}.Debug|Any CPU.Build.0 = Debug|Any CPU
		{FC813BE1-A336-4031-8776-EE8C8E7AD7BF}.Release|Any CPU.ActiveCfg = Release|Any CPU
		{FC813BE1-A336-4031-8776-EE8C8E7AD7BF}.Release|Any CPU.Build.0 = Release|Any CPU
		{369041DA-E4E3-47C9-9B3C-3B3B5AC4F88E}.Debug|Any CPU.ActiveCfg = Debug|Any CPU
		{369041DA-E4E3-47C9-9B3C-3B3B5AC4F88E}.Debug|Any CPU.Build.0 = Debug|Any CPU
		{369041DA-E4E3-47C9-9B3C-3B3B5AC4F88E}.Release|Any CPU.ActiveCfg = Release|Any CPU
		{369041DA-E4E3-47C9-9B3C-3B3B5AC4F88E}.Release|Any CPU.Build.0 = Release|Any CPU
		{7B335685-D4DF-4970-8121-D5EEBCCA2407}.Debug|Any CPU.ActiveCfg = Debug|Any CPU
		{7B335685-D4DF-4970-8121-D5EEBCCA2407}.Debug|Any CPU.Build.0 = Debug|Any CPU
		{7B335685-D4DF-4970-8121-D5EEBCCA2407}.Release|Any CPU.ActiveCfg = Release|Any CPU
		{7B335685-D4DF-4970-8121-D5EEBCCA2407}.Release|Any CPU.Build.0 = Release|Any CPU
	EndGlobalSection
	GlobalSection(SolutionProperties) = preSolution
		HideSolutionNode = FALSE
	EndGlobalSection
	GlobalSection(ExtensibilityGlobals) = postSolution
		SolutionGuid = {0794E402-701E-471F-ABC5-B50894D594B7}
	EndGlobalSection
EndGlobal
